{
  "version": 1,
  "dependencies": {
    "net9.0-windows7.0": {
      "DalamudPackager": {
        "type": "Direct",
        "requested": "[13.1.0, )",
        "resolved": "13.1.0",
        "contentHash": "XdoNhJGyFby5M/sdcRhnc5xTop9PHy+H50PTWpzLhJugjB19EDBiHD/AsiDF66RETM+0qKUdJBZrNuebn7qswQ=="
      },
      "DotNet.ReproducibleBuilds": {
        "type": "Direct",
        "requested": "[1.2.25, )",
        "resolved": "1.2.25",
        "contentHash": "xCXiw7BCxHJ8pF6wPepRUddlh2dlQlbr81gXA72hdk4FLHkKXas7EH/n+fk5UCA/YfMqG1Z6XaPiUjDbUNBUzg=="
      },
      "Google.Apis.Core": {
        "type": "Direct",
        "requested": "[1.71.0, )",
        "resolved": "1.71.0",
        "contentHash": "tCsg4USOGBVCIrSOyLht1akZe/+ioH7+LVWix6XuxP5fFiw5kEFSBXL+Of93aK/ztJa1dQI+p03dJ+AKgViRuw==",
        "dependencies": {
          "Newtonsoft.Json": "13.0.3"
        }
      },
      "Google.Apis.Oauth2.v2": {
        "type": "Direct",
        "requested": "[1.68.0.1869, )",
        "resolved": "1.68.0.1869",
        "contentHash": "6gf5dpi6d+sezfRwqEfA9lDfP7OT5ZrQFgiO1r2jDS8rkMpxaS6/mpTsyW/EgcXr8R4NEHIbAN4FvZClRq0+Zg==",
        "dependencies": {
          "Google.Apis": "1.68.0",
          "Google.Apis.Auth": "1.68.0"
        }
      },
      "Google.Apis.Sheets.v4": {
        "type": "Direct",
        "requested": "[1.70.0.3819, )",
        "resolved": "1.70.0.3819",
        "contentHash": "GiezS2d/gMhP7DIOuBFl2FitYPKARpgnRpdXSy4HUBjlC724fMhSqIoiEx+KgUzn5+7dlnJSycjD1q9JgtB8iQ==",
        "dependencies": {
          "Google.Apis": "1.70.0",
          "Google.Apis.Auth": "1.70.0"
        }
      },
      "Google.Apis": {
        "type": "Transitive",
        "resolved": "1.70.0",
        "contentHash": "K6VKPkHRN1P7pMb84eZu1rFyoie7LIYYsjTPvTnEH2lbscU1sBLR1C1MtsCoSJzgDIjr0yVGmSKnIC4D73ro1g==",
        "dependencies": {
          "Google.Apis.Core": "1.70.0"
        }
      },
      "Google.Apis.Auth": {
        "type": "Transitive",
        "resolved": "1.70.0",
        "contentHash": "2gnpcYUaD5WS2/2922J+ji1tEKcNtxu+aQoiNVWhfcGwDqgcc5vk6ND6591M2UaGzJn0EdH325rsNHzi/MvA/A==",
        "dependencies": {
          "Google.Apis": "1.70.0",
          "Google.Apis.Core": "1.70.0",
          "System.Management": "7.0.2"
        }
      },
      "Newtonsoft.Json": {
        "type": "Transitive",
        "resolved": "13.0.3",
        "contentHash": "HrC5BXdl00IP9zeV+0Z848QWPAoCr9P3bDEZguI+gkLcBKAOxix/tLEAAHC+UvDNPv4a2d18lOReHMOagPa+zQ=="
      },
      "System.CodeDom": {
        "type": "Transitive",
        "resolved": "7.0.0",
        "contentHash": "GLltyqEsE5/3IE+zYRP5sNa1l44qKl9v+bfdMcwg+M9qnQf47wK3H0SUR/T+3N4JEQXF3vV4CSuuo0rsg+nq2A=="
      },
      "System.Management": {
        "type": "Transitive",
        "resolved": "7.0.2",
        "contentHash": "/qEUN91mP/MUQmJnM5y5BdT7ZoPuVrtxnFlbJ8a3kBJGhe2wCzBfnPFtK2wTtEEcf3DMGR9J00GZZfg6HRI6yA==",
        "dependencies": {
          "System.CodeDom": "7.0.0"
        }
      }
    }
  }
}